// !$*UTF8*$!
{
	archiveVersion = 1;
	classes = {
	};
	objectVersion = 55;
	objects = {

/* Begin PBXBuildFile section */
		5BECBF09D5C49BDAE8DC92BD /* Pods_Movie_Quotes.framework in Frameworks */ = {isa = PBXBuildFile; fileRef = 0E50D3D092EA9E59E3E24113 /* Pods_Movie_Quotes.framework */; };
		854DEDB427720F4300D2E0E0 /* AppDelegate.swift in Sources */ = {isa = PBXBuildFile; fileRef = 854DEDB327720F4300D2E0E0 /* AppDelegate.swift */; };
		854DEDB627720F4300D2E0E0 /* SceneDelegate.swift in Sources */ = {isa = PBXBuildFile; fileRef = 854DEDB527720F4300D2E0E0 /* SceneDelegate.swift */; };
		854DEDBB27720F4300D2E0E0 /* Main.storyboard in Resources */ = {isa = PBXBuildFile; fileRef = 854DEDB927720F4300D2E0E0 /* Main.storyboard */; };
		854DEDBD27720F4500D2E0E0 /* Assets.xcassets in Resources */ = {isa = PBXBuildFile; fileRef = 854DEDBC27720F4500D2E0E0 /* Assets.xcassets */; };
		854DEDC027720F4500D2E0E0 /* LaunchScreen.storyboard in Resources */ = {isa = PBXBuildFile; fileRef = 854DEDBE27720F4500D2E0E0 /* LaunchScreen.storyboard */; };
		854DEDC82772187D00D2E0E0 /* MovieCollectionViewController.swift in Sources */ = {isa = PBXBuildFile; fileRef = 854DEDC72772187D00D2E0E0 /* MovieCollectionViewController.swift */; };
		854DEDCA277218A900D2E0E0 /* QuizViewController.swift in Sources */ = {isa = PBXBuildFile; fileRef = 854DEDC9277218A900D2E0E0 /* QuizViewController.swift */; };
		854DEDCC2772270400D2E0E0 /* MovieModel.swift in Sources */ = {isa = PBXBuildFile; fileRef = 854DEDCB2772270400D2E0E0 /* MovieModel.swift */; };
		854DEDD0277236B600D2E0E0 /* data.json in Resources */ = {isa = PBXBuildFile; fileRef = 854DEDCF277236B600D2E0E0 /* data.json */; };
		854DEDD22772371600D2E0E0 /* DataLoader.swift in Sources */ = {isa = PBXBuildFile; fileRef = 854DEDD12772371600D2E0E0 /* DataLoader.swift */; };
		854DEDD6277239E400D2E0E0 /* MovieCollectionViewCell.swift in Sources */ = {isa = PBXBuildFile; fileRef = 854DEDD5277239E400D2E0E0 /* MovieCollectionViewCell.swift */; };
/* End PBXBuildFile section */

/* Begin PBXFileReference section */
		0E50D3D092EA9E59E3E24113 /* Pods_Movie_Quotes.framework */ = {isa = PBXFileReference; explicitFileType = wrapper.framework; includeInIndex = 0; path = Pods_Movie_Quotes.framework; sourceTree = BUILT_PRODUCTS_DIR; };
		854DEDB027720F4300D2E0E0 /* Movie Quotes.app */ = {isa = PBXFileReference; explicitFileType = wrapper.application; includeInIndex = 0; path = "Movie Quotes.app"; sourceTree = BUILT_PRODUCTS_DIR; };
		854DEDB327720F4300D2E0E0 /* AppDelegate.swift */ = {isa = PBXFileReference; lastKnownFileType = sourcecode.swift; path = AppDelegate.swift; sourceTree = "<group>"; };
		854DEDB527720F4300D2E0E0 /* SceneDelegate.swift */ = {isa = PBXFileReference; lastKnownFileType = sourcecode.swift; path = SceneDelegate.swift; sourceTree = "<group>"; };
		854DEDBA27720F4300D2E0E0 /* Base */ = {isa = PBXFileReference; lastKnownFileType = file.storyboard; name = Base; path = Base.lproj/Main.storyboard; sourceTree = "<group>"; };
		854DEDBC27720F4500D2E0E0 /* Assets.xcassets */ = {isa = PBXFileReference; lastKnownFileType = folder.assetcatalog; path = Assets.xcassets; sourceTree = "<group>"; };
		854DEDBF27720F4500D2E0E0 /* Base */ = {isa = PBXFileReference; lastKnownFileType = file.storyboard; name = Base; path = Base.lproj/LaunchScreen.storyboard; sourceTree = "<group>"; };
		854DEDC127720F4500D2E0E0 /* Info.plist */ = {isa = PBXFileReference; lastKnownFileType = text.plist.xml; path = Info.plist; sourceTree = "<group>"; };
		854DEDC72772187D00D2E0E0 /* MovieCollectionViewController.swift */ = {isa = PBXFileReference; lastKnownFileType = sourcecode.swift; path = MovieCollectionViewController.swift; sourceTree = "<group>"; };
		854DEDC9277218A900D2E0E0 /* QuizViewController.swift */ = {isa = PBXFileReference; lastKnownFileType = sourcecode.swift; path = QuizViewController.swift; sourceTree = "<group>"; };
		854DEDCB2772270400D2E0E0 /* MovieModel.swift */ = {isa = PBXFileReference; lastKnownFileType = sourcecode.swift; path = MovieModel.swift; sourceTree = "<group>"; };
		854DEDCF277236B600D2E0E0 /* data.json */ = {isa = PBXFileReference; fileEncoding = 4; lastKnownFileType = text.json; path = data.json; sourceTree = "<group>"; };
		854DEDD12772371600D2E0E0 /* DataLoader.swift */ = {isa = PBXFileReference; lastKnownFileType = sourcecode.swift; path = DataLoader.swift; sourceTree = "<group>"; };
		854DEDD5277239E400D2E0E0 /* MovieCollectionViewCell.swift */ = {isa = PBXFileReference; lastKnownFileType = sourcecode.swift; path = MovieCollectionViewCell.swift; sourceTree = "<group>"; };
		8F1F841BA1FC33AC5DCA4126 /* Pods-Movie Quotes.release.xcconfig */ = {isa = PBXFileReference; includeInIndex = 1; lastKnownFileType = text.xcconfig; name = "Pods-Movie Quotes.release.xcconfig"; path = "Target Support Files/Pods-Movie Quotes/Pods-Movie Quotes.release.xcconfig"; sourceTree = "<group>"; };
		F7BC3A6382C55C709625C17F /* Pods-Movie Quotes.debug.xcconfig */ = {isa = PBXFileReference; includeInIndex = 1; lastKnownFileType = text.xcconfig; name = "Pods-Movie Quotes.debug.xcconfig"; path = "Target Support Files/Pods-Movie Quotes/Pods-Movie Quotes.debug.xcconfig"; sourceTree = "<group>"; };
/* End PBXFileReference section */

/* Begin PBXFrameworksBuildPhase section */
		854DEDAD27720F4300D2E0E0 /* Frameworks */ = {
			isa = PBXFrameworksBuildPhase;
			buildActionMask = 2147483647;
			files = (
				5BECBF09D5C49BDAE8DC92BD /* Pods_Movie_Quotes.framework in Frameworks */,
			);
			runOnlyForDeploymentPostprocessing = 0;
		};
/* End PBXFrameworksBuildPhase section */

/* Begin PBXGroup section */
		3B6D3109197009B0374944E5 /* Pods */ = {
			isa = PBXGroup;
			children = (
				F7BC3A6382C55C709625C17F /* Pods-Movie Quotes.debug.xcconfig */,
				8F1F841BA1FC33AC5DCA4126 /* Pods-Movie Quotes.release.xcconfig */,
			);
			name = Pods;
			path = Pods;
			sourceTree = "<group>";
		};
		3FFCDCD296FAB09B32C0B3D3 /* Frameworks */ = {
			isa = PBXGroup;
			children = (
				0E50D3D092EA9E59E3E24113 /* Pods_Movie_Quotes.framework */,
			);
			name = Frameworks;
			sourceTree = "<group>";
		};
		854DEDA727720F4300D2E0E0 = {
			isa = PBXGroup;
			children = (
				854DEDB227720F4300D2E0E0 /* Movie Quotes */,
				854DEDB127720F4300D2E0E0 /* Products */,
				3B6D3109197009B0374944E5 /* Pods */,
				3FFCDCD296FAB09B32C0B3D3 /* Frameworks */,
			);
			sourceTree = "<group>";
		};
		854DEDB127720F4300D2E0E0 /* Products */ = {
			isa = PBXGroup;
			children = (
				854DEDB027720F4300D2E0E0 /* Movie Quotes.app */,
			);
			name = Products;
			sourceTree = "<group>";
		};
		854DEDB227720F4300D2E0E0 /* Movie Quotes */ = {
			isa = PBXGroup;
			children = (
				854DEDCF277236B600D2E0E0 /* data.json */,
				854DEDB327720F4300D2E0E0 /* AppDelegate.swift */,
				854DEDB527720F4300D2E0E0 /* SceneDelegate.swift */,
				854DEDB927720F4300D2E0E0 /* Main.storyboard */,
				854DEDBC27720F4500D2E0E0 /* Assets.xcassets */,
				854DEDBE27720F4500D2E0E0 /* LaunchScreen.storyboard */,
				854DEDC127720F4500D2E0E0 /* Info.plist */,
				854DEDD727723A1700D2E0E0 /* View */,
				854DEDD42772398C00D2E0E0 /* Controllers */,
				854DEDD32772397900D2E0E0 /* Model */,
			);
			path = "Movie Quotes";
			sourceTree = "<group>";
		};
		854DEDD32772397900D2E0E0 /* Model */ = {
			isa = PBXGroup;
			children = (
				854DEDCB2772270400D2E0E0 /* MovieModel.swift */,
				854DEDD12772371600D2E0E0 /* DataLoader.swift */,
			);
			name = Model;
			sourceTree = "<group>";
		};
		854DEDD42772398C00D2E0E0 /* Controllers */ = {
			isa = PBXGroup;
			children = (
				854DEDC9277218A900D2E0E0 /* QuizViewController.swift */,
				854DEDC72772187D00D2E0E0 /* MovieCollectionViewController.swift */,
			);
			path = Controllers;
			sourceTree = "<group>";
		};
		854DEDD727723A1700D2E0E0 /* View */ = {
			isa = PBXGroup;
			children = (
				854DEDD5277239E400D2E0E0 /* MovieCollectionViewCell.swift */,
			);
			name = View;
			sourceTree = "<group>";
		};
/* End PBXGroup section */

/* Begin PBXNativeTarget section */
		854DEDAF27720F4300D2E0E0 /* Movie Quotes */ = {
			isa = PBXNativeTarget;
			buildConfigurationList = 854DEDC427720F4500D2E0E0 /* Build configuration list for PBXNativeTarget "Movie Quotes" */;
			buildPhases = (
				DAC7D9FD14E158A3BF022F2A /* [CP] Check Pods Manifest.lock */,
				854DEDAC27720F4300D2E0E0 /* Sources */,
				854DEDAD27720F4300D2E0E0 /* Frameworks */,
				854DEDAE27720F4300D2E0E0 /* Resources */,
				BFB9E145B33C928AAE9CF8FD /* [CP] Embed Pods Frameworks */,
			);
			buildRules = (
			);
			dependencies = (
			);
			name = "Movie Quotes";
			productName = "Movie Quotes";
			productReference = 854DEDB027720F4300D2E0E0 /* Movie Quotes.app */;
			productType = "com.apple.product-type.application";
		};
/* End PBXNativeTarget section */

/* Begin PBXProject section */
		854DEDA827720F4300D2E0E0 /* Project object */ = {
			isa = PBXProject;
			attributes = {
				BuildIndependentTargetsInParallel = 1;
				LastSwiftUpdateCheck = 1310;
				LastUpgradeCheck = 1310;
				TargetAttributes = {
					854DEDAF27720F4300D2E0E0 = {
						CreatedOnToolsVersion = 13.1;
					};
				};
			};
			buildConfigurationList = 854DEDAB27720F4300D2E0E0 /* Build configuration list for PBXProject "Movie Quotes" */;
			compatibilityVersion = "Xcode 13.0";
			developmentRegion = en;
			hasScannedForEncodings = 0;
			knownRegions = (
				en,
				Base,
			);
			mainGroup = 854DEDA727720F4300D2E0E0;
			productRefGroup = 854DEDB127720F4300D2E0E0 /* Products */;
			projectDirPath = "";
			projectRoot = "";
			targets = (
				854DEDAF27720F4300D2E0E0 /* Movie Quotes */,
			);
		};
/* End PBXProject section */

/* Begin PBXResourcesBuildPhase section */
		854DEDAE27720F4300D2E0E0 /* Resources */ = {
			isa = PBXResourcesBuildPhase;
			buildActionMask = 2147483647;
			files = (
				854DEDC027720F4500D2E0E0 /* LaunchScreen.storyboard in Resources */,
				854DEDBD27720F4500D2E0E0 /* Assets.xcassets in Resources */,
				854DEDBB27720F4300D2E0E0 /* Main.storyboard in Resources */,
				854DEDD0277236B600D2E0E0 /* data.json in Resources */,
			);
			runOnlyForDeploymentPostprocessing = 0;
		};
/* End PBXResourcesBuildPhase section */

/* Begin PBXShellScriptBuildPhase section */
		BFB9E145B33C928AAE9CF8FD /* [CP] Embed Pods Frameworks */ = {
			isa = PBXShellScriptBuildPhase;
			buildActionMask = 2147483647;
			files = (
			);
			inputFileListPaths = (
				"${PODS_ROOT}/Target Support Files/Pods-Movie Quotes/Pods-Movie Quotes-frameworks-${CONFIGURATION}-input-files.xcfilelist",
			);
			name = "[CP] Embed Pods Frameworks";
			outputFileListPaths = (
				"${PODS_ROOT}/Target Support Files/Pods-Movie Quotes/Pods-Movie Quotes-frameworks-${CONFIGURATION}-output-files.xcfilelist",
			);
			runOnlyForDeploymentPostprocessing = 0;
			shellPath = /bin/sh;
			shellScript = "\"${PODS_ROOT}/Target Support Files/Pods-Movie Quotes/Pods-Movie Quotes-frameworks.sh\"\n";
			showEnvVarsInLog = 0;
		};
		DAC7D9FD14E158A3BF022F2A /* [CP] Check Pods Manifest.lock */ = {
			isa = PBXShellScriptBuildPhase;
			buildActionMask = 2147483647;
			files = (
			);
			inputFileListPaths = (
			);
			inputPaths = (
				"${PODS_PODFILE_DIR_PATH}/Podfile.lock",
				"${PODS_ROOT}/Manifest.lock",
			);
			name = "[CP] Check Pods Manifest.lock";
			outputFileListPaths = (
			);
			outputPaths = (
				"$(DERIVED_FILE_DIR)/Pods-Movie Quotes-checkManifestLockResult.txt",
			);
			runOnlyForDeploymentPostprocessing = 0;
			shellPath = /bin/sh;
			shellScript = "diff \"${PODS_PODFILE_DIR_PATH}/Podfile.lock\" \"${PODS_ROOT}/Manifest.lock\" > /dev/null\nif [ $? != 0 ] ; then\n    # print error to STDERR\n    echo \"error: The sandbox is not in sync with the Podfile.lock. Run 'pod install' or update your CocoaPods installation.\" >&2\n    exit 1\nfi\n# This output is used by Xcode 'outputs' to avoid re-running this script phase.\necho \"SUCCESS\" > \"${SCRIPT_OUTPUT_FILE_0}\"\n";
			showEnvVarsInLog = 0;
		};
/* End PBXShellScriptBuildPhase section */

/* Begin PBXSourcesBuildPhase section */
		854DEDAC27720F4300D2E0E0 /* Sources */ = {
			isa = PBXSourcesBuildPhase;
			buildActionMask = 2147483647;
			files = (
				854DEDB427720F4300D2E0E0 /* AppDelegate.swift in Sources */,
				854DEDB627720F4300D2E0E0 /* SceneDelegate.swift in Sources */,
				854DEDD22772371600D2E0E0 /* DataLoader.swift in Sources */,
				854DEDC82772187D00D2E0E0 /* MovieCollectionViewController.swift in Sources */,
				854DEDD6277239E400D2E0E0 /* MovieCollectionViewCell.swift in Sources */,
				854DEDCA277218A900D2E0E0 /* QuizViewController.swift in Sources */,
				854DEDCC2772270400D2E0E0 /* MovieModel.swift in Sources */,
			);
			runOnlyForDeploymentPostprocessing = 0;
		};
/* End PBXSourcesBuildPhase section */

/* Begin PBXVariantGroup section */
		854DEDB927720F4300D2E0E0 /* Main.storyboard */ = {
			isa = PBXVariantGroup;
			children = (
				854DEDBA27720F4300D2E0E0 /* Base */,
			);
			name = Main.storyboard;
			sourceTree = "<group>";
		};
		854DEDBE27720F4500D2E0E0 /* LaunchScreen.storyboard */ = {
			isa = PBXVariantGroup;
			children = (
				854DEDBF27720F4500D2E0E0 /* Base */,
			);
			name = LaunchScreen.storyboard;
			sourceTree = "<group>";
		};
/* End PBXVariantGroup section */

/* Begin XCBuildConfiguration section */
		854DEDC227720F4500D2E0E0 /* Debug */ = {
			isa = XCBuildConfiguration;
			buildSettings = {
				ALWAYS_SEARCH_USER_PATHS = NO;
				CLANG_ANALYZER_NONNULL = YES;
				CLANG_ANALYZER_NUMBER_OBJECT_CONVERSION = YES_AGGRESSIVE;
				CLANG_CXX_LANGUAGE_STANDARD = "gnu++17";
				CLANG_CXX_LIBRARY = "libc++";
				CLANG_ENABLE_MODULES = YES;
				CLANG_ENABLE_OBJC_ARC = YES;
				CLANG_ENABLE_OBJC_WEAK = YES;
				CLANG_WARN_BLOCK_CAPTURE_AUTORELEASING = YES;
				CLANG_WARN_BOOL_CONVERSION = YES;
				CLANG_WARN_COMMA = YES;
				CLANG_WARN_CONSTANT_CONVERSION = YES;
				CLANG_WARN_DEPRECATED_OBJC_IMPLEMENTATIONS = YES;
				CLANG_WARN_DIRECT_OBJC_ISA_USAGE = YES_ERROR;
				CLANG_WARN_DOCUMENTATION_COMMENTS = YES;
				CLANG_WARN_EMPTY_BODY = YES;
				CLANG_WARN_ENUM_CONVERSION = YES;
				CLANG_WARN_INFINITE_RECURSION = YES;
				CLANG_WARN_INT_CONVERSION = YES;
				CLANG_WARN_NON_LITERAL_NULL_CONVERSION = YES;
				CLANG_WARN_OBJC_IMPLICIT_RETAIN_SELF = YES;
				CLANG_WARN_OBJC_LITERAL_CONVERSION = YES;
				CLANG_WARN_OBJC_ROOT_CLASS = YES_ERROR;
				CLANG_WARN_QUOTED_INCLUDE_IN_FRAMEWORK_HEADER = YES;
				CLANG_WARN_RANGE_LOOP_ANALYSIS = YES;
				CLANG_WARN_STRICT_PROTOTYPES = YES;
				CLANG_WARN_SUSPICIOUS_MOVE = YES;
				CLANG_WARN_UNGUARDED_AVAILABILITY = YES_AGGRESSIVE;
				CLANG_WARN_UNREACHABLE_CODE = YES;
				CLANG_WARN__DUPLICATE_METHOD_MATCH = YES;
				COPY_PHASE_STRIP = NO;
				DEBUG_INFORMATION_FORMAT = dwarf;
				ENABLE_STRICT_OBJC_MSGSEND = YES;
				ENABLE_TESTABILITY = YES;
				GCC_C_LANGUAGE_STANDARD = gnu11;
				GCC_DYNAMIC_NO_PIC = NO;
				GCC_NO_COMMON_BLOCKS = YES;
				GCC_OPTIMIZATION_LEVEL = 0;
				GCC_PREPROCESSOR_DEFINITIONS = (
					"DEBUG=1",
					"$(inherited)",
				);
				GCC_WARN_64_TO_32_BIT_CONVERSION = YES;
				GCC_WARN_ABOUT_RETURN_TYPE = YES_ERROR;
				GCC_WARN_UNDECLARED_SELECTOR = YES;
				GCC_WARN_UNINITIALIZED_AUTOS = YES_AGGRESSIVE;
				GCC_WARN_UNUSED_FUNCTION = YES;
				GCC_WARN_UNUSED_VARIABLE = YES;
				IPHONEOS_DEPLOYMENT_TARGET = 15.0;
				MTL_ENABLE_DEBUG_INFO = INCLUDE_SOURCE;
				MTL_FAST_MATH = YES;
				ONLY_ACTIVE_ARCH = YES;
				SDKROOT = iphoneos;
				SWIFT_ACTIVE_COMPILATION_CONDITIONS = DEBUG;
				SWIFT_OPTIMIZATION_LEVEL = "-Onone";
			};
			name = Debug;
		};
		854DEDC327720F4500D2E0E0 /* Release */ = {
			isa = XCBuildConfiguration;
			buildSettings = {
				ALWAYS_SEARCH_USER_PATHS = NO;
				CLANG_ANALYZER_NONNULL = YES;
				CLANG_ANALYZER_NUMBER_OBJECT_CONVERSION = YES_AGGRESSIVE;
				CLANG_CXX_LANGUAGE_STANDARD = "gnu++17";
				CLANG_CXX_LIBRARY = "libc++";
				CLANG_ENABLE_MODULES = YES;
				CLANG_ENABLE_OBJC_ARC = YES;
				CLANG_ENABLE_OBJC_WEAK = YES;
				CLANG_WARN_BLOCK_CAPTURE_AUTORELEASING = YES;
				CLANG_WARN_BOOL_CONVERSION = YES;
				CLANG_WARN_COMMA = YES;
				CLANG_WARN_CONSTANT_CONVERSION = YES;
				CLANG_WARN_DEPRECATED_OBJC_IMPLEMENTATIONS = YES;
				CLANG_WARN_DIRECT_OBJC_ISA_USAGE = YES_ERROR;
				CLANG_WARN_DOCUMENTATION_COMMENTS = YES;
				CLANG_WARN_EMPTY_BODY = YES;
				CLANG_WARN_ENUM_CONVERSION = YES;
				CLANG_WARN_INFINITE_RECURSION = YES;
				CLANG_WARN_INT_CONVERSION = YES;
				CLANG_WARN_NON_LITERAL_NULL_CONVERSION = YES;
				CLANG_WARN_OBJC_IMPLICIT_RETAIN_SELF = YES;
				CLANG_WARN_OBJC_LITERAL_CONVERSION = YES;
				CLANG_WARN_OBJC_ROOT_CLASS = YES_ERROR;
				CLANG_WARN_QUOTED_INCLUDE_IN_FRAMEWORK_HEADER = YES;
				CLANG_WARN_RANGE_LOOP_ANALYSIS = YES;
				CLANG_WARN_STRICT_PROTOTYPES = YES;
				CLANG_WARN_SUSPICIOUS_MOVE = YES;
				CLANG_WARN_UNGUARDED_AVAILABILITY = YES_AGGRESSIVE;
				CLANG_WARN_UNREACHABLE_CODE = YES;
				CLANG_WARN__DUPLICATE_METHOD_MATCH = YES;
				COPY_PHASE_STRIP = NO;
				DEBUG_INFORMATION_FORMAT = "dwarf-with-dsym";
				ENABLE_NS_ASSERTIONS = NO;
				ENABLE_STRICT_OBJC_MSGSEND = YES;
				GCC_C_LANGUAGE_STANDARD = gnu11;
				GCC_NO_COMMON_BLOCKS = YES;
				GCC_WARN_64_TO_32_BIT_CONVERSION = YES;
				GCC_WARN_ABOUT_RETURN_TYPE = YES_ERROR;
				GCC_WARN_UNDECLARED_SELECTOR = YES;
				GCC_WARN_UNINITIALIZED_AUTOS = YES_AGGRESSIVE;
				GCC_WARN_UNUSED_FUNCTION = YES;
				GCC_WARN_UNUSED_VARIABLE = YES;
				IPHONEOS_DEPLOYMENT_TARGET = 15.0;
				MTL_ENABLE_DEBUG_INFO = NO;
				MTL_FAST_MATH = YES;
				SDKROOT = iphoneos;
				SWIFT_COMPILATION_MODE = wholemodule;
				SWIFT_OPTIMIZATION_LEVEL = "-O";
				VALIDATE_PRODUCT = YES;
			};
			name = Release;
		};
		854DEDC527720F4500D2E0E0 /* Debug */ = {
			isa = XCBuildConfiguration;
			baseConfigurationReference = F7BC3A6382C55C709625C17F /* Pods-Movie Quotes.debug.xcconfig */;
			buildSettings = {
				ASSETCATALOG_COMPILER_APPICON_NAME = AppIcon;
				ASSETCATALOG_COMPILER_GLOBAL_ACCENT_COLOR_NAME = AccentColor;
				CODE_SIGN_STYLE = Automatic;
				CURRENT_PROJECT_VERSION = 1;
				DEVELOPMENT_TEAM = 6U56M9YG4Q;
				GENERATE_INFOPLIST_FILE = YES;
				INFOPLIST_FILE = "Movie Quotes/Info.plist";
				INFOPLIST_KEY_UIApplicationSupportsIndirectInputEvents = YES;
				INFOPLIST_KEY_UILaunchStoryboardName = LaunchScreen;
				INFOPLIST_KEY_UIMainStoryboardFile = Main;
				INFOPLIST_KEY_UISupportedInterfaceOrientations_iPad = "UIInterfaceOrientationPortrait UIInterfaceOrientationPortraitUpsideDown UIInterfaceOrientationLandscapeLeft UIInterfaceOrientationLandscapeRight";
				INFOPLIST_KEY_UISupportedInterfaceOrientations_iPhone = "UIInterfaceOrientationPortrait UIInterfaceOrientationLandscapeLeft UIInterfaceOrientationLandscapeRight";
				LD_RUNPATH_SEARCH_PATHS = (
					"$(inherited)",
					"@executable_path/Frameworks",
				);
				MARKETING_VERSION = 1.0;
				PRODUCT_BUNDLE_IDENTIFIER = "Safa.Movie-Quotes";
				PRODUCT_NAME = "$(TARGET_NAME)";
				SWIFT_EMIT_LOC_STRINGS = YES;
				SWIFT_VERSION = 5.0;
				TARGETED_DEVICE_FAMILY = "1,2";
			};
			name = Debug;
		};
		854DEDC627720F4500D2E0E0 /* Release */ = {
			isa = XCBuildConfiguration;
			baseConfigurationReference = 8F1F841BA1FC33AC5DCA4126 /* Pods-Movie Quotes.release.xcconfig */;
			buildSettings = {
				ASSETCATALOG_COMPILER_APPICON_NAME = AppIcon;
				ASSETCATALOG_COMPILER_GLOBAL_ACCENT_COLOR_NAME = AccentColor;
				CODE_SIGN_STYLE = Automatic;
				CURRENT_PROJECT_VERSION = 1;
				DEVELOPMENT_TEAM = 6U56M9YG4Q;
				GENERATE_INFOPLIST_FILE = YES;
				INFOPLIST_FILE = "Movie Quotes/Info.plist";
				INFOPLIST_KEY_UIApplicationSupportsIndirectInputEvents = YES;
				INFOPLIST_KEY_UILaunchStoryboardName = LaunchScreen;
				INFOPLIST_KEY_UIMainStoryboardFile = Main;
				INFOPLIST_KEY_UISupportedInterfaceOrientations_iPad = "UIInterfaceOrientationPortrait UIInterfaceOrientationPortraitUpsideDown UIInterfaceOrientationLandscapeLeft UIInterfaceOrientationLandscapeRight";
				INFOPLIST_KEY_UISupportedInterfaceOrientations_iPhone = "UIInterfaceOrientationPortrait UIInterfaceOrientationLandscapeLeft UIInterfaceOrientationLandscapeRight";
				LD_RUNPATH_SEARCH_PATHS = (
					"$(inherited)",
					"@executable_path/Frameworks",
				);
				MARKETING_VERSION = 1.0;
				PRODUCT_BUNDLE_IDENTIFIER = "Safa.Movie-Quotes";
				PRODUCT_NAME = "$(TARGET_NAME)";
				SWIFT_EMIT_LOC_STRINGS = YES;
				SWIFT_VERSION = 5.0;
				TARGETED_DEVICE_FAMILY = "1,2";
			};
			name = Release;
		};
/* End XCBuildConfiguration section */

/* Begin XCConfigurationList section */
		854DEDAB27720F4300D2E0E0 /* Build configuration list for PBXProject "Movie Quotes" */ = {
			isa = XCConfigurationList;
			buildConfigurations = (
				854DEDC227720F4500D2E0E0 /* Debug */,
				854DEDC327720F4500D2E0E0 /* Release */,
			);
			defaultConfigurationIsVisible = 0;
			defaultConfigurationName = Release;
		};
		854DEDC427720F4500D2E0E0 /* Build configuration list for PBXNativeTarget "Movie Quotes" */ = {
			isa = XCConfigurationList;
			buildConfigurations = (
				854DEDC527720F4500D2E0E0 /* Debug */,
				854DEDC627720F4500D2E0E0 /* Release */,
			);
			defaultConfigurationIsVisible = 0;
			defaultConfigurationName = Release;
		};
/* End XCConfigurationList section */
	};
	rootObject = 854DEDA827720F4300D2E0E0 /* Project object */;
}
